
Microsoft Visual Studio Solution File, Format Version 12.00
# Visual Studio Version 17
VisualStudioVersion = 17.11.35219.272
MinimumVisualStudioVersion = 10.0.40219.1
Project("{888888A0-9F3D-457C-B088-3A5042F75D52}") = "Flask_TV_hook", "Flask_TV_hook.pyproj", "{DA625579-7D97-45C6-A6A0-0F53BF65859E}"
EndProject
Global
	GlobalSection(SolutionConfigurationPlatforms) = preSolution
		Debug|Any CPU = Debug|Any CPU
		Release|Any CPU = Release|Any CPU
	EndGlobalSection
	GlobalSection(ProjectConfigurationPlatforms) = postSolution
		{DA625579-7D97-45C6-A6A0-0F53BF65859E}.Debug|Any CPU.ActiveCfg = Debug|Any CPU
		{DA625579-7D97-45C6-A6A0-0F53BF65859E}.Debug|Any CPU.Build.0 = Debug|Any CPU
		{DA625579-7D97-45C6-A6A0-0F53BF65859E}.Release|Any CPU.ActiveCfg = Release|Any CPU
		{DA625579-7D97-45C6-A6A0-0F53BF65859E}.Release|Any CPU.Build.0 = Release|Any CPU
	EndGlobalSection
	GlobalSection(SolutionProperties) = preSolution
		HideSolutionNode = FALSE
	EndGlobalSection
	GlobalSection(ExtensibilityGlobals) = postSolution
		SolutionGuid = {33667610-61FD-423C-A5A7-BC47E574FFDE}
	EndGlobalSection
EndGlobal
